
Microsoft Visual Studio Solution File, Format Version 12.00
# Visual Studio Version 17
VisualStudioVersion = 17.0.31903.59
MinimumVisualStudioVersion = 10.0.40219.1
Project("{FAE04EC0-301F-11D3-BF4B-00C04F79EFBC}") = "EventRsvpSystem.Presentation", "EventRsvpSystem.Presentation\EventRsvpSystem.Presentation.csproj", "{0762C632-E72B-4A24-9821-53C28B08AB84}"
EndProject
Project("{FAE04EC0-301F-11D3-BF4B-00C04F79EFBC}") = "EventRsvpSystem.Infrastructure", "EventRsvpSystem.Infrastructure\EventRsvpSystem.Infrastructure.csproj", "{C8D57F62-4A0A-43E8-9907-575F6A045024}"
EndProject
Project("{FAE04EC0-301F-11D3-BF4B-00C04F79EFBC}") = "EventRsvpSystem.Service", "EventRsvpSystem.Service\EventRsvpSystem.Service.csproj", "{75CB8894-A47D-448D-A9B0-39AFD9FEE6B3}"
EndProject
Global
	GlobalSection(SolutionConfigurationPlatforms) = preSolution
		Debug|Any CPU = Debug|Any CPU
		Debug|x64 = Debug|x64
		Debug|x86 = Debug|x86
		Release|Any CPU = Release|Any CPU
		Release|x64 = Release|x64
		Release|x86 = Release|x86
	EndGlobalSection
	GlobalSection(ProjectConfigurationPlatforms) = postSolution
		{0762C632-E72B-4A24-9821-53C28B08AB84}.Debug|Any CPU.ActiveCfg = Debug|Any CPU
		{0762C632-E72B-4A24-9821-53C28B08AB84}.Debug|Any CPU.Build.0 = Debug|Any CPU
		{0762C632-E72B-4A24-9821-53C28B08AB84}.Debug|x64.ActiveCfg = Debug|Any CPU
		{0762C632-E72B-4A24-9821-53C28B08AB84}.Debug|x64.Build.0 = Debug|Any CPU
		{0762C632-E72B-4A24-9821-53C28B08AB84}.Debug|x86.ActiveCfg = Debug|Any CPU
		{0762C632-E72B-4A24-9821-53C28B08AB84}.Debug|x86.Build.0 = Debug|Any CPU
		{0762C632-E72B-4A24-9821-53C28B08AB84}.Release|Any CPU.ActiveCfg = Release|Any CPU
		{0762C632-E72B-4A24-9821-53C28B08AB84}.Release|Any CPU.Build.0 = Release|Any CPU
		{0762C632-E72B-4A24-9821-53C28B08AB84}.Release|x64.ActiveCfg = Release|Any CPU
		{0762C632-E72B-4A24-9821-53C28B08AB84}.Release|x64.Build.0 = Release|Any CPU
		{0762C632-E72B-4A24-9821-53C28B08AB84}.Release|x86.ActiveCfg = Release|Any CPU
		{0762C632-E72B-4A24-9821-53C28B08AB84}.Release|x86.Build.0 = Release|Any CPU
		{C8D57F62-4A0A-43E8-9907-575F6A045024}.Debug|Any CPU.ActiveCfg = Debug|Any CPU
		{C8D57F62-4A0A-43E8-9907-575F6A045024}.Debug|Any CPU.Build.0 = Debug|Any CPU
		{C8D57F62-4A0A-43E8-9907-575F6A045024}.Debug|x64.ActiveCfg = Debug|Any CPU
		{C8D57F62-4A0A-43E8-9907-575F6A045024}.Debug|x64.Build.0 = Debug|Any CPU
		{C8D57F62-4A0A-43E8-9907-575F6A045024}.Debug|x86.ActiveCfg = Debug|Any CPU
		{C8D57F62-4A0A-43E8-9907-575F6A045024}.Debug|x86.Build.0 = Debug|Any CPU
		{C8D57F62-4A0A-43E8-9907-575F6A045024}.Release|Any CPU.ActiveCfg = Release|Any CPU
		{C8D57F62-4A0A-43E8-9907-575F6A045024}.Release|Any CPU.Build.0 = Release|Any CPU
		{C8D57F62-4A0A-43E8-9907-575F6A045024}.Release|x64.ActiveCfg = Release|Any CPU
		{C8D57F62-4A0A-43E8-9907-575F6A045024}.Release|x64.Build.0 = Release|Any CPU
		{C8D57F62-4A0A-43E8-9907-575F6A045024}.Release|x86.ActiveCfg = Release|Any CPU
		{C8D57F62-4A0A-43E8-9907-575F6A045024}.Release|x86.Build.0 = Release|Any CPU
		{75CB8894-A47D-448D-A9B0-39AFD9FEE6B3}.Debug|Any CPU.ActiveCfg = Debug|Any CPU
		{75CB8894-A47D-448D-A9B0-39AFD9FEE6B3}.Debug|Any CPU.Build.0 = Debug|Any CPU
		{75CB8894-A47D-448D-A9B0-39AFD9FEE6B3}.Debug|x64.ActiveCfg = Debug|Any CPU
		{75CB8894-A47D-448D-A9B0-39AFD9FEE6B3}.Debug|x64.Build.0 = Debug|Any CPU
		{75CB8894-A47D-448D-A9B0-39AFD9FEE6B3}.Debug|x86.ActiveCfg = Debug|Any CPU
		{75CB8894-A47D-448D-A9B0-39AFD9FEE6B3}.Debug|x86.Build.0 = Debug|Any CPU
		{75CB8894-A47D-448D-A9B0-39AFD9FEE6B3}.Release|Any CPU.ActiveCfg = Release|Any CPU
		{75CB8894-A47D-448D-A9B0-39AFD9FEE6B3}.Release|Any CPU.Build.0 = Release|Any CPU
		{75CB8894-A47D-448D-A9B0-39AFD9FEE6B3}.Release|x64.ActiveCfg = Release|Any CPU
		{75CB8894-A47D-448D-A9B0-39AFD9FEE6B3}.Release|x64.Build.0 = Release|Any CPU
		{75CB8894-A47D-448D-A9B0-39AFD9FEE6B3}.Release|x86.ActiveCfg = Release|Any CPU
		{75CB8894-A47D-448D-A9B0-39AFD9FEE6B3}.Release|x86.Build.0 = Release|Any CPU
	EndGlobalSection
	GlobalSection(SolutionProperties) = preSolution
		HideSolutionNode = FALSE
	EndGlobalSection
EndGlobal
